// !$*UTF8*$!
{
	archiveVersion = 1;
	classes = {
	};
	objectVersion = 77;
	objects = {

/* Begin PBXBuildFile section */
		58D8FD782E0A00CA003C9B6B /* GoogleService-Info.plist in Resources */ = {isa = PBXBuildFile; fileRef = 58D8FD772E0A00CA003C9B6B /* GoogleService-Info.plist */; };
		58D8FD792E0A00CA003C9B6B /* GoogleService-Info.plist in Resources */ = {isa = PBXBuildFile; fileRef = 58D8FD772E0A00CA003C9B6B /* GoogleService-Info.plist */; };
		58D8FD7A2E0A00CA003C9B6B /* GoogleService-Info.plist in Resources */ = {isa = PBXBuildFile; fileRef = 58D8FD772E0A00CA003C9B6B /* GoogleService-Info.plist */; };
		58D8FD7D2E0A01E2003C9B6B /* FirebaseAI in Frameworks */ = {isa = PBXBuildFile; productRef = 58D8FD7C2E0A01E2003C9B6B /* FirebaseAI */; };
		58D8FD7F2E0A01E2003C9B6B /* FirebaseAnalytics in Frameworks */ = {isa = PBXBuildFile; productRef = 58D8FD7E2E0A01E2003C9B6B /* FirebaseAnalytics */; };
		58D8FD812E0A01E2003C9B6B /* FirebaseAnalyticsCore in Frameworks */ = {isa = PBXBuildFile; productRef = 58D8FD802E0A01E2003C9B6B /* FirebaseAnalyticsCore */; };
		58D8FD832E0A01E2003C9B6B /* FirebaseAnalyticsIdentitySupport in Frameworks */ = {isa = PBXBuildFile; productRef = 58D8FD822E0A01E2003C9B6B /* FirebaseAnalyticsIdentitySupport */; };
		58D8FD852E0A01E2003C9B6B /* FirebaseAnalyticsOnDeviceConversion in Frameworks */ = {isa = PBXBuildFile; productRef = 58D8FD842E0A01E2003C9B6B /* FirebaseAnalyticsOnDeviceConversion */; };
/* End PBXBuildFile section */

/* Begin PBXContainerItemProxy section */
		58C2EB402E073D780080B725 /* PBXContainerItemProxy */ = {
			isa = PBXContainerItemProxy;
			containerPortal = 58C2EB2A2E073D710080B725 /* Project object */;
			proxyType = 1;
			remoteGlobalIDString = 58C2EB312E073D710080B725;
			remoteInfo = ChessGame;
		};
		58C2EB4A2E073D790080B725 /* PBXContainerItemProxy */ = {
			isa = PBXContainerItemProxy;
			containerPortal = 58C2EB2A2E073D710080B725 /* Project object */;
			proxyType = 1;
			remoteGlobalIDString = 58C2EB312E073D710080B725;
			remoteInfo = ChessGame;
		};
/* End PBXContainerItemProxy section */

/* Begin PBXFileReference section */
		58C2EB322E073D710080B725 /* ChessGame.app */ = {isa = PBXFileReference; explicitFileType = wrapper.application; includeInIndex = 0; path = ChessGame.app; sourceTree = BUILT_PRODUCTS_DIR; };
		58C2EB3F2E073D780080B725 /* ChessGameTests.xctest */ = {isa = PBXFileReference; explicitFileType = wrapper.cfbundle; includeInIndex = 0; path = ChessGameTests.xctest; sourceTree = BUILT_PRODUCTS_DIR; };
		58C2EB492E073D790080B725 /* ChessGameUITests.xctest */ = {isa = PBXFileReference; explicitFileType = wrapper.cfbundle; includeInIndex = 0; path = ChessGameUITests.xctest; sourceTree = BUILT_PRODUCTS_DIR; };
		58D8FD772E0A00CA003C9B6B /* GoogleService-Info.plist */ = {isa = PBXFileReference; lastKnownFileType = text.plist.xml; path = "GoogleService-Info.plist"; sourceTree = "<group>"; };
/* End PBXFileReference section */

/* Begin PBXFileSystemSynchronizedRootGroup section */
		58C2EB342E073D710080B725 /* ChessGame */ = {
			isa = PBXFileSystemSynchronizedRootGroup;
			path = ChessGame;
			sourceTree = "<group>";
		};
		58C2EB422E073D780080B725 /* ChessGameTests */ = {
			isa = PBXFileSystemSynchronizedRootGroup;
			path = ChessGameTests;
			sourceTree = "<group>";
		};
		58C2EB4C2E073D790080B725 /* ChessGameUITests */ = {
			isa = PBXFileSystemSynchronizedRootGroup;
			path = ChessGameUITests;
			sourceTree = "<group>";
		};
/* End PBXFileSystemSynchronizedRootGroup section */

/* Begin PBXFrameworksBuildPhase section */
		58C2EB2F2E073D710080B725 /* Frameworks */ = {
			isa = PBXFrameworksBuildPhase;
			buildActionMask = 2147483647;
			files = (
				58D8FD832E0A01E2003C9B6B /* FirebaseAnalyticsIdentitySupport in Frameworks */,
				58D8FD7F2E0A01E2003C9B6B /* FirebaseAnalytics in Frameworks */,
				58D8FD852E0A01E2003C9B6B /* FirebaseAnalyticsOnDeviceConversion in Frameworks */,
				58D8FD812E0A01E2003C9B6B /* FirebaseAnalyticsCore in Frameworks */,
				58D8FD7D2E0A01E2003C9B6B /* FirebaseAI in Frameworks */,
			);
			runOnlyForDeploymentPostprocessing = 0;
		};
		58C2EB3C2E073D780080B725 /* Frameworks */ = {
			isa = PBXFrameworksBuildPhase;
			buildActionMask = 2147483647;
			files = (
			);
			runOnlyForDeploymentPostprocessing = 0;
		};
		58C2EB462E073D790080B725 /* Frameworks */ = {
			isa = PBXFrameworksBuildPhase;
			buildActionMask = 2147483647;
			files = (
			);
			runOnlyForDeploymentPostprocessing = 0;
		};
/* End PBXFrameworksBuildPhase section */

/* Begin PBXGroup section */
		58C2EB292E073D710080B725 = {
			isa = PBXGroup;
			children = (
				58C2EB342E073D710080B725 /* ChessGame */,
				58C2EB422E073D780080B725 /* ChessGameTests */,
				58C2EB4C2E073D790080B725 /* ChessGameUITests */,
				58C2EB332E073D710080B725 /* Products */,
				58D8FD772E0A00CA003C9B6B /* GoogleService-Info.plist */,
			);
			sourceTree = "<group>";
		};
		58C2EB332E073D710080B725 /* Products */ = {
			isa = PBXGroup;
			children = (
				58C2EB322E073D710080B725 /* ChessGame.app */,
				58C2EB3F2E073D780080B725 /* ChessGameTests.xctest */,
				58C2EB492E073D790080B725 /* ChessGameUITests.xctest */,
			);
			name = Products;
			sourceTree = "<group>";
		};
/* End PBXGroup section */

/* Begin PBXNativeTarget section */
		58C2EB312E073D710080B725 /* ChessGame */ = {
			isa = PBXNativeTarget;
			buildConfigurationList = 58C2EB532E073D790080B725 /* Build configuration list for PBXNativeTarget "ChessGame" */;
			buildPhases = (
				58C2EB2E2E073D710080B725 /* Sources */,
				58C2EB2F2E073D710080B725 /* Frameworks */,
				58C2EB302E073D710080B725 /* Resources */,
			);
			buildRules = (
			);
			dependencies = (
			);
			fileSystemSynchronizedGroups = (
				58C2EB342E073D710080B725 /* ChessGame */,
			);
			name = ChessGame;
			packageProductDependencies = (
				58D8FD7C2E0A01E2003C9B6B /* FirebaseAI */,
				58D8FD7E2E0A01E2003C9B6B /* FirebaseAnalytics */,
				58D8FD802E0A01E2003C9B6B /* FirebaseAnalyticsCore */,
				58D8FD822E0A01E2003C9B6B /* FirebaseAnalyticsIdentitySupport */,
				58D8FD842E0A01E2003C9B6B /* FirebaseAnalyticsOnDeviceConversion */,
			);
			productName = ChessGame;
			productReference = 58C2EB322E073D710080B725 /* ChessGame.app */;
			productType = "com.apple.product-type.application";
		};
		58C2EB3E2E073D780080B725 /* ChessGameTests */ = {
			isa = PBXNativeTarget;
			buildConfigurationList = 58C2EB562E073D790080B725 /* Build configuration list for PBXNativeTarget "ChessGameTests" */;
			buildPhases = (
				58C2EB3B2E073D780080B725 /* Sources */,
				58C2EB3C2E073D780080B725 /* Frameworks */,
				58C2EB3D2E073D780080B725 /* Resources */,
			);
			buildRules = (
			);
			dependencies = (
				58C2EB412E073D780080B725 /* PBXTargetDependency */,
			);
			fileSystemSynchronizedGroups = (
				58C2EB422E073D780080B725 /* ChessGameTests */,
			);
			name = ChessGameTests;
			packageProductDependencies = (
			);
			productName = ChessGameTests;
			productReference = 58C2EB3F2E073D780080B725 /* ChessGameTests.xctest */;
			productType = "com.apple.product-type.bundle.unit-test";
		};
		58C2EB482E073D790080B725 /* ChessGameUITests */ = {
			isa = PBXNativeTarget;
			buildConfigurationList = 58C2EB592E073D790080B725 /* Build configuration list for PBXNativeTarget "ChessGameUITests" */;
			buildPhases = (
				58C2EB452E073D790080B725 /* Sources */,
				58C2EB462E073D790080B725 /* Frameworks */,
				58C2EB472E073D790080B725 /* Resources */,
			);
			buildRules = (
			);
			dependencies = (
				58C2EB4B2E073D790080B725 /* PBXTargetDependency */,
			);
			fileSystemSynchronizedGroups = (
				58C2EB4C2E073D790080B725 /* ChessGameUITests */,
			);
			name = ChessGameUITests;
			packageProductDependencies = (
			);
			productName = ChessGameUITests;
			productReference = 58C2EB492E073D790080B725 /* ChessGameUITests.xctest */;
			productType = "com.apple.product-type.bundle.ui-testing";
		};
/* End PBXNativeTarget section */

/* Begin PBXProject section */
		58C2EB2A2E073D710080B725 /* Project object */ = {
			isa = PBXProject;
			attributes = {
				BuildIndependentTargetsInParallel = 1;
				LastSwiftUpdateCheck = 1640;
				LastUpgradeCheck = 1640;
				TargetAttributes = {
					58C2EB312E073D710080B725 = {
						CreatedOnToolsVersion = 16.4;
					};
					58C2EB3E2E073D780080B725 = {
						CreatedOnToolsVersion = 16.4;
						TestTargetID = 58C2EB312E073D710080B725;
					};
					58C2EB482E073D790080B725 = {
						CreatedOnToolsVersion = 16.4;
						TestTargetID = 58C2EB312E073D710080B725;
					};
				};
			};
			buildConfigurationList = 58C2EB2D2E073D710080B725 /* Build configuration list for PBXProject "ChessGame" */;
			developmentRegion = en;
			hasScannedForEncodings = 0;
			knownRegions = (
				en,
				Base,
			);
			mainGroup = 58C2EB292E073D710080B725;
			minimizedProjectReferenceProxies = 1;
			packageReferences = (
				58D8FD7B2E0A01E1003C9B6B /* XCRemoteSwiftPackageReference "firebase-ios-sdk" */,
			);
			preferredProjectObjectVersion = 77;
			productRefGroup = 58C2EB332E073D710080B725 /* Products */;
			projectDirPath = "";
			projectRoot = "";
			targets = (
				58C2EB312E073D710080B725 /* ChessGame */,
				58C2EB3E2E073D780080B725 /* ChessGameTests */,
				58C2EB482E073D790080B725 /* ChessGameUITests */,
			);
		};
/* End PBXProject section */

/* Begin PBXResourcesBuildPhase section */
		58C2EB302E073D710080B725 /* Resources */ = {
			isa = PBXResourcesBuildPhase;
			buildActionMask = 2147483647;
			files = (
				58D8FD782E0A00CA003C9B6B /* GoogleService-Info.plist in Resources */,
			);
			runOnlyForDeploymentPostprocessing = 0;
		};
		58C2EB3D2E073D780080B725 /* Resources */ = {
			isa = PBXResourcesBuildPhase;
			buildActionMask = 2147483647;
			files = (
				58D8FD792E0A00CA003C9B6B /* GoogleService-Info.plist in Resources */,
			);
			runOnlyForDeploymentPostprocessing = 0;
		};
		58C2EB472E073D790080B725 /* Resources */ = {
			isa = PBXResourcesBuildPhase;
			buildActionMask = 2147483647;
			files = (
				58D8FD7A2E0A00CA003C9B6B /* GoogleService-Info.plist in Resources */,
			);
			runOnlyForDeploymentPostprocessing = 0;
		};
/* End PBXResourcesBuildPhase section */

/* Begin PBXSourcesBuildPhase section */
		58C2EB2E2E073D710080B725 /* Sources */ = {
			isa = PBXSourcesBuildPhase;
			buildActionMask = 2147483647;
			files = (
			);
			runOnlyForDeploymentPostprocessing = 0;
		};
		58C2EB3B2E073D780080B725 /* Sources */ = {
			isa = PBXSourcesBuildPhase;
			buildActionMask = 2147483647;
			files = (
			);
			runOnlyForDeploymentPostprocessing = 0;
		};
		58C2EB452E073D790080B725 /* Sources */ = {
			isa = PBXSourcesBuildPhase;
			buildActionMask = 2147483647;
			files = (
			);
			runOnlyForDeploymentPostprocessing = 0;
		};
/* End PBXSourcesBuildPhase section */

/* Begin PBXTargetDependency section */
		58C2EB412E073D780080B725 /* PBXTargetDependency */ = {
			isa = PBXTargetDependency;
			target = 58C2EB312E073D710080B725 /* ChessGame */;
			targetProxy = 58C2EB402E073D780080B725 /* PBXContainerItemProxy */;
		};
		58C2EB4B2E073D790080B725 /* PBXTargetDependency */ = {
			isa = PBXTargetDependency;
			target = 58C2EB312E073D710080B725 /* ChessGame */;
			targetProxy = 58C2EB4A2E073D790080B725 /* PBXContainerItemProxy */;
		};
/* End PBXTargetDependency section */

/* Begin XCBuildConfiguration section */
		58C2EB512E073D790080B725 /* Debug */ = {
			isa = XCBuildConfiguration;
			buildSettings = {
				ALWAYS_SEARCH_USER_PATHS = NO;
				ASSETCATALOG_COMPILER_GENERATE_SWIFT_ASSET_SYMBOL_EXTENSIONS = YES;
				CLANG_ANALYZER_NONNULL = YES;
				CLANG_ANALYZER_NUMBER_OBJECT_CONVERSION = YES_AGGRESSIVE;
				CLANG_CXX_LANGUAGE_STANDARD = "gnu++20";
				CLANG_ENABLE_MODULES = YES;
				CLANG_ENABLE_OBJC_ARC = YES;
				CLANG_ENABLE_OBJC_WEAK = YES;
				CLANG_WARN_BLOCK_CAPTURE_AUTORELEASING = YES;
				CLANG_WARN_BOOL_CONVERSION = YES;
				CLANG_WARN_COMMA = YES;
				CLANG_WARN_CONSTANT_CONVERSION = YES;
				CLANG_WARN_DEPRECATED_OBJC_IMPLEMENTATIONS = YES;
				CLANG_WARN_DIRECT_OBJC_ISA_USAGE = YES_ERROR;
				CLANG_WARN_DOCUMENTATION_COMMENTS = YES;
				CLANG_WARN_EMPTY_BODY = YES;
				CLANG_WARN_ENUM_CONVERSION = YES;
				CLANG_WARN_INFINITE_RECURSION = YES;
				CLANG_WARN_INT_CONVERSION = YES;
				CLANG_WARN_NON_LITERAL_NULL_CONVERSION = YES;
				CLANG_WARN_OBJC_IMPLICIT_RETAIN_SELF = YES;
				CLANG_WARN_OBJC_LITERAL_CONVERSION = YES;
				CLANG_WARN_OBJC_ROOT_CLASS = YES_ERROR;
				CLANG_WARN_QUOTED_INCLUDE_IN_FRAMEWORK_HEADER = YES;
				CLANG_WARN_RANGE_LOOP_ANALYSIS = YES;
				CLANG_WARN_STRICT_PROTOTYPES = YES;
				CLANG_WARN_SUSPICIOUS_MOVE = YES;
				CLANG_WARN_UNGUARDED_AVAILABILITY = YES_AGGRESSIVE;
				CLANG_WARN_UNREACHABLE_CODE = YES;
				CLANG_WARN__DUPLICATE_METHOD_MATCH = YES;
				COPY_PHASE_STRIP = NO;
				DEBUG_INFORMATION_FORMAT = dwarf;
				DEVELOPMENT_TEAM = 34G3Y9V76K;
				ENABLE_STRICT_OBJC_MSGSEND = YES;
				ENABLE_TESTABILITY = YES;
				ENABLE_USER_SCRIPT_SANDBOXING = YES;
				GCC_C_LANGUAGE_STANDARD = gnu17;
				GCC_DYNAMIC_NO_PIC = NO;
				GCC_NO_COMMON_BLOCKS = YES;
				GCC_OPTIMIZATION_LEVEL = 0;
				GCC_PREPROCESSOR_DEFINITIONS = (
					"DEBUG=1",
					"$(inherited)",
				);
				GCC_WARN_64_TO_32_BIT_CONVERSION = YES;
				GCC_WARN_ABOUT_RETURN_TYPE = YES_ERROR;
				GCC_WARN_UNDECLARED_SELECTOR = YES;
				GCC_WARN_UNINITIALIZED_AUTOS = YES_AGGRESSIVE;
				GCC_WARN_UNUSED_FUNCTION = YES;
				GCC_WARN_UNUSED_VARIABLE = YES;
				IPHONEOS_DEPLOYMENT_TARGET = 18.5;
				LOCALIZATION_PREFERS_STRING_CATALOGS = YES;
				MTL_ENABLE_DEBUG_INFO = INCLUDE_SOURCE;
				MTL_FAST_MATH = YES;
				ONLY_ACTIVE_ARCH = YES;
				SDKROOT = iphoneos;
				SWIFT_ACTIVE_COMPILATION_CONDITIONS = "DEBUG $(inherited)";
				SWIFT_OPTIMIZATION_LEVEL = "-Onone";
			};
			name = Debug;
		};
		58C2EB522E073D790080B725 /* Release */ = {
			isa = XCBuildConfiguration;
			buildSettings = {
				ALWAYS_SEARCH_USER_PATHS = NO;
				ASSETCATALOG_COMPILER_GENERATE_SWIFT_ASSET_SYMBOL_EXTENSIONS = YES;
				CLANG_ANALYZER_NONNULL = YES;
				CLANG_ANALYZER_NUMBER_OBJECT_CONVERSION = YES_AGGRESSIVE;
				CLANG_CXX_LANGUAGE_STANDARD = "gnu++20";
				CLANG_ENABLE_MODULES = YES;
				CLANG_ENABLE_OBJC_ARC = YES;
				CLANG_ENABLE_OBJC_WEAK = YES;
				CLANG_WARN_BLOCK_CAPTURE_AUTORELEASING = YES;
				CLANG_WARN_BOOL_CONVERSION = YES;
				CLANG_WARN_COMMA = YES;
				CLANG_WARN_CONSTANT_CONVERSION = YES;
				CLANG_WARN_DEPRECATED_OBJC_IMPLEMENTATIONS = YES;
				CLANG_WARN_DIRECT_OBJC_ISA_USAGE = YES_ERROR;
				CLANG_WARN_DOCUMENTATION_COMMENTS = YES;
				CLANG_WARN_EMPTY_BODY = YES;
				CLANG_WARN_ENUM_CONVERSION = YES;
				CLANG_WARN_INFINITE_RECURSION = YES;
				CLANG_WARN_INT_CONVERSION = YES;
				CLANG_WARN_NON_LITERAL_NULL_CONVERSION = YES;
				CLANG_WARN_OBJC_IMPLICIT_RETAIN_SELF = YES;
				CLANG_WARN_OBJC_LITERAL_CONVERSION = YES;
				CLANG_WARN_OBJC_ROOT_CLASS = YES_ERROR;
				CLANG_WARN_QUOTED_INCLUDE_IN_FRAMEWORK_HEADER = YES;
				CLANG_WARN_RANGE_LOOP_ANALYSIS = YES;
				CLANG_WARN_STRICT_PROTOTYPES = YES;
				CLANG_WARN_SUSPICIOUS_MOVE = YES;
				CLANG_WARN_UNGUARDED_AVAILABILITY = YES_AGGRESSIVE;
				CLANG_WARN_UNREACHABLE_CODE = YES;
				CLANG_WARN__DUPLICATE_METHOD_MATCH = YES;
				COPY_PHASE_STRIP = NO;
				DEBUG_INFORMATION_FORMAT = "dwarf-with-dsym";
				DEVELOPMENT_TEAM = 34G3Y9V76K;
				ENABLE_NS_ASSERTIONS = NO;
				ENABLE_STRICT_OBJC_MSGSEND = YES;
				ENABLE_USER_SCRIPT_SANDBOXING = YES;
				GCC_C_LANGUAGE_STANDARD = gnu17;
				GCC_NO_COMMON_BLOCKS = YES;
				GCC_WARN_64_TO_32_BIT_CONVERSION = YES;
				GCC_WARN_ABOUT_RETURN_TYPE = YES_ERROR;
				GCC_WARN_UNDECLARED_SELECTOR = YES;
				GCC_WARN_UNINITIALIZED_AUTOS = YES_AGGRESSIVE;
				GCC_WARN_UNUSED_FUNCTION = YES;
				GCC_WARN_UNUSED_VARIABLE = YES;
				IPHONEOS_DEPLOYMENT_TARGET = 18.5;
				LOCALIZATION_PREFERS_STRING_CATALOGS = YES;
				MTL_ENABLE_DEBUG_INFO = NO;
				MTL_FAST_MATH = YES;
				SDKROOT = iphoneos;
				SWIFT_COMPILATION_MODE = wholemodule;
				VALIDATE_PRODUCT = YES;
			};
			name = Release;
		};
		58C2EB542E073D790080B725 /* Debug */ = {
			isa = XCBuildConfiguration;
			buildSettings = {
				ASSETCATALOG_COMPILER_APPICON_NAME = AppIcon;
				ASSETCATALOG_COMPILER_GLOBAL_ACCENT_COLOR_NAME = AccentColor;
				CODE_SIGN_STYLE = Automatic;
				CURRENT_PROJECT_VERSION = 1;
				DEVELOPMENT_TEAM = 34G3Y9V76K;
				ENABLE_PREVIEWS = YES;
				GENERATE_INFOPLIST_FILE = YES;
				INFOPLIST_KEY_UIApplicationSceneManifest_Generation = YES;
				INFOPLIST_KEY_UIApplicationSupportsIndirectInputEvents = YES;
				INFOPLIST_KEY_UILaunchScreen_Generation = YES;
				INFOPLIST_KEY_UISupportedInterfaceOrientations_iPad = "UIInterfaceOrientationPortrait UIInterfaceOrientationPortraitUpsideDown UIInterfaceOrientationLandscapeLeft UIInterfaceOrientationLandscapeRight";
				INFOPLIST_KEY_UISupportedInterfaceOrientations_iPhone = "UIInterfaceOrientationPortrait UIInterfaceOrientationLandscapeLeft UIInterfaceOrientationLandscapeRight";
				LD_RUNPATH_SEARCH_PATHS = (
					"$(inherited)",
					"@executable_path/Frameworks",
				);
				MARKETING_VERSION = 1.0;
				PRODUCT_BUNDLE_IDENTIFIER = git.ChessGame;
				PRODUCT_NAME = "$(TARGET_NAME)";
				SWIFT_EMIT_LOC_STRINGS = YES;
				SWIFT_VERSION = 5.0;
				TARGETED_DEVICE_FAMILY = "1,2";
			};
			name = Debug;
		};
		58C2EB552E073D790080B725 /* Release */ = {
			isa = XCBuildConfiguration;
			buildSettings = {
				ASSETCATALOG_COMPILER_APPICON_NAME = AppIcon;
				ASSETCATALOG_COMPILER_GLOBAL_ACCENT_COLOR_NAME = AccentColor;
				CODE_SIGN_STYLE = Automatic;
				CURRENT_PROJECT_VERSION = 1;
				DEVELOPMENT_TEAM = 34G3Y9V76K;
				ENABLE_PREVIEWS = YES;
				GENERATE_INFOPLIST_FILE = YES;
				INFOPLIST_KEY_UIApplicationSceneManifest_Generation = YES;
				INFOPLIST_KEY_UIApplicationSupportsIndirectInputEvents = YES;
				INFOPLIST_KEY_UILaunchScreen_Generation = YES;
				INFOPLIST_KEY_UISupportedInterfaceOrientations_iPad = "UIInterfaceOrientationPortrait UIInterfaceOrientationPortraitUpsideDown UIInterfaceOrientationLandscapeLeft UIInterfaceOrientationLandscapeRight";
				INFOPLIST_KEY_UISupportedInterfaceOrientations_iPhone = "UIInterfaceOrientationPortrait UIInterfaceOrientationLandscapeLeft UIInterfaceOrientationLandscapeRight";
				LD_RUNPATH_SEARCH_PATHS = (
					"$(inherited)",
					"@executable_path/Frameworks",
				);
				MARKETING_VERSION = 1.0;
				PRODUCT_BUNDLE_IDENTIFIER = git.ChessGame;
				PRODUCT_NAME = "$(TARGET_NAME)";
				SWIFT_EMIT_LOC_STRINGS = YES;
				SWIFT_VERSION = 5.0;
				TARGETED_DEVICE_FAMILY = "1,2";
			};
			name = Release;
		};
		58C2EB572E073D790080B725 /* Debug */ = {
			isa = XCBuildConfiguration;
			buildSettings = {
				BUNDLE_LOADER = "$(TEST_HOST)";
				CODE_SIGN_STYLE = Automatic;
				CURRENT_PROJECT_VERSION = 1;
				DEVELOPMENT_TEAM = 34G3Y9V76K;
				GENERATE_INFOPLIST_FILE = YES;
				IPHONEOS_DEPLOYMENT_TARGET = 18.5;
				MARKETING_VERSION = 1.0;
				PRODUCT_BUNDLE_IDENTIFIER = git.ChessGameTests;
				PRODUCT_NAME = "$(TARGET_NAME)";
				SWIFT_EMIT_LOC_STRINGS = NO;
				SWIFT_VERSION = 5.0;
				TARGETED_DEVICE_FAMILY = "1,2";
				TEST_HOST = "$(BUILT_PRODUCTS_DIR)/ChessGame.app/$(BUNDLE_EXECUTABLE_FOLDER_PATH)/ChessGame";
			};
			name = Debug;
		};
		58C2EB582E073D790080B725 /* Release */ = {
			isa = XCBuildConfiguration;
			buildSettings = {
				BUNDLE_LOADER = "$(TEST_HOST)";
				CODE_SIGN_STYLE = Automatic;
				CURRENT_PROJECT_VERSION = 1;
				DEVELOPMENT_TEAM = 34G3Y9V76K;
				GENERATE_INFOPLIST_FILE = YES;
				IPHONEOS_DEPLOYMENT_TARGET = 18.5;
				MARKETING_VERSION = 1.0;
				PRODUCT_BUNDLE_IDENTIFIER = git.ChessGameTests;
				PRODUCT_NAME = "$(TARGET_NAME)";
				SWIFT_EMIT_LOC_STRINGS = NO;
				SWIFT_VERSION = 5.0;
				TARGETED_DEVICE_FAMILY = "1,2";
				TEST_HOST = "$(BUILT_PRODUCTS_DIR)/ChessGame.app/$(BUNDLE_EXECUTABLE_FOLDER_PATH)/ChessGame";
			};
			name = Release;
		};
		58C2EB5A2E073D790080B725 /* Debug */ = {
			isa = XCBuildConfiguration;
			buildSettings = {
				CODE_SIGN_STYLE = Automatic;
				CURRENT_PROJECT_VERSION = 1;
				DEVELOPMENT_TEAM = 34G3Y9V76K;
				GENERATE_INFOPLIST_FILE = YES;
				MARKETING_VERSION = 1.0;
				PRODUCT_BUNDLE_IDENTIFIER = git.ChessGameUITests;
				PRODUCT_NAME = "$(TARGET_NAME)";
				SWIFT_EMIT_LOC_STRINGS = NO;
				SWIFT_VERSION = 5.0;
				TARGETED_DEVICE_FAMILY = "1,2";
				TEST_TARGET_NAME = ChessGame;
			};
			name = Debug;
		};
		58C2EB5B2E073D790080B725 /* Release */ = {
			isa = XCBuildConfiguration;
			buildSettings = {
				CODE_SIGN_STYLE = Automatic;
				CURRENT_PROJECT_VERSION = 1;
				DEVELOPMENT_TEAM = 34G3Y9V76K;
				GENERATE_INFOPLIST_FILE = YES;
				MARKETING_VERSION = 1.0;
				PRODUCT_BUNDLE_IDENTIFIER = git.ChessGameUITests;
				PRODUCT_NAME = "$(TARGET_NAME)";
				SWIFT_EMIT_LOC_STRINGS = NO;
				SWIFT_VERSION = 5.0;
				TARGETED_DEVICE_FAMILY = "1,2";
				TEST_TARGET_NAME = ChessGame;
			};
			name = Release;
		};
/* End XCBuildConfiguration section */

/* Begin XCConfigurationList section */
		58C2EB2D2E073D710080B725 /* Build configuration list for PBXProject "ChessGame" */ = {
			isa = XCConfigurationList;
			buildConfigurations = (
				58C2EB512E073D790080B725 /* Debug */,
				58C2EB522E073D790080B725 /* Release */,
			);
			defaultConfigurationIsVisible = 0;
			defaultConfigurationName = Release;
		};
		58C2EB532E073D790080B725 /* Build configuration list for PBXNativeTarget "ChessGame" */ = {
			isa = XCConfigurationList;
			buildConfigurations = (
				58C2EB542E073D790080B725 /* Debug */,
				58C2EB552E073D790080B725 /* Release */,
			);
			defaultConfigurationIsVisible = 0;
			defaultConfigurationName = Release;
		};
		58C2EB562E073D790080B725 /* Build configuration list for PBXNativeTarget "ChessGameTests" */ = {
			isa = XCConfigurationList;
			buildConfigurations = (
				58C2EB572E073D790080B725 /* Debug */,
				58C2EB582E073D790080B725 /* Release */,
			);
			defaultConfigurationIsVisible = 0;
			defaultConfigurationName = Release;
		};
		58C2EB592E073D790080B725 /* Build configuration list for PBXNativeTarget "ChessGameUITests" */ = {
			isa = XCConfigurationList;
			buildConfigurations = (
				58C2EB5A2E073D790080B725 /* Debug */,
				58C2EB5B2E073D790080B725 /* Release */,
			);
			defaultConfigurationIsVisible = 0;
			defaultConfigurationName = Release;
		};
/* End XCConfigurationList section */

/* Begin XCRemoteSwiftPackageReference section */
		58D8FD7B2E0A01E1003C9B6B /* XCRemoteSwiftPackageReference "firebase-ios-sdk" */ = {
			isa = XCRemoteSwiftPackageReference;
			repositoryURL = "https://github.com/firebase/firebase-ios-sdk";
			requirement = {
				kind = upToNextMajorVersion;
				minimumVersion = 11.15.0;
			};
		};
/* End XCRemoteSwiftPackageReference section */

/* Begin XCSwiftPackageProductDependency section */
		58D8FD7C2E0A01E2003C9B6B /* FirebaseAI */ = {
			isa = XCSwiftPackageProductDependency;
			package = 58D8FD7B2E0A01E1003C9B6B /* XCRemoteSwiftPackageReference "firebase-ios-sdk" */;
			productName = FirebaseAI;
		};
		58D8FD7E2E0A01E2003C9B6B /* FirebaseAnalytics */ = {
			isa = XCSwiftPackageProductDependency;
			package = 58D8FD7B2E0A01E1003C9B6B /* XCRemoteSwiftPackageReference "firebase-ios-sdk" */;
			productName = FirebaseAnalytics;
		};
		58D8FD802E0A01E2003C9B6B /* FirebaseAnalyticsCore */ = {
			isa = XCSwiftPackageProductDependency;
			package = 58D8FD7B2E0A01E1003C9B6B /* XCRemoteSwiftPackageReference "firebase-ios-sdk" */;
			productName = FirebaseAnalyticsCore;
		};
		58D8FD822E0A01E2003C9B6B /* FirebaseAnalyticsIdentitySupport */ = {
			isa = XCSwiftPackageProductDependency;
			package = 58D8FD7B2E0A01E1003C9B6B /* XCRemoteSwiftPackageReference "firebase-ios-sdk" */;
			productName = FirebaseAnalyticsIdentitySupport;
		};
		58D8FD842E0A01E2003C9B6B /* FirebaseAnalyticsOnDeviceConversion */ = {
			isa = XCSwiftPackageProductDependency;
			package = 58D8FD7B2E0A01E1003C9B6B /* XCRemoteSwiftPackageReference "firebase-ios-sdk" */;
			productName = FirebaseAnalyticsOnDeviceConversion;
		};
/* End XCSwiftPackageProductDependency section */
	};
	rootObject = 58C2EB2A2E073D710080B725 /* Project object */;
}
